
Microsoft Visual Studio Solution File, Format Version 12.00
# Visual Studio Version 17
VisualStudioVersion = 17.11.35312.102
MinimumVisualStudioVersion = 10.0.40219.1
Project("{FAE04EC0-301F-11D3-BF4B-00C04F79EFBC}") = "Lesson07_1", "Lesson07_1.csproj", "{60FBDEC4-C236-4647-ACA1-96317F8F8A8E}"
EndProject
Project("{FAE04EC0-301F-11D3-BF4B-00C04F79EFBC}") = "Lesson07_2", "..\Lesson07_2\Lesson07_2.csproj", "{B9E246C9-4C6E-412F-8222-881B5B9BFD18}"
EndProject
Project("{FAE04EC0-301F-11D3-BF4B-00C04F79EFBC}") = "Lesson07_3", "..\Lesson07_3\Lesson07_3.csproj", "{72A0B847-1725-47EE-BDF1-8D33D29A1965}"
EndProject
Global
	GlobalSection(SolutionConfigurationPlatforms) = preSolution
		Debug|Any CPU = Debug|Any CPU
		Release|Any CPU = Release|Any CPU
	EndGlobalSection
	GlobalSection(ProjectConfigurationPlatforms) = postSolution
		{60FBDEC4-C236-4647-ACA1-96317F8F8A8E}.Debug|Any CPU.ActiveCfg = Debug|Any CPU
		{60FBDEC4-C236-4647-ACA1-96317F8F8A8E}.Debug|Any CPU.Build.0 = Debug|Any CPU
		{60FBDEC4-C236-4647-ACA1-96317F8F8A8E}.Release|Any CPU.ActiveCfg = Release|Any CPU
		{60FBDEC4-C236-4647-ACA1-96317F8F8A8E}.Release|Any CPU.Build.0 = Release|Any CPU
		{B9E246C9-4C6E-412F-8222-881B5B9BFD18}.Debug|Any CPU.ActiveCfg = Debug|Any CPU
		{B9E246C9-4C6E-412F-8222-881B5B9BFD18}.Debug|Any CPU.Build.0 = Debug|Any CPU
		{B9E246C9-4C6E-412F-8222-881B5B9BFD18}.Release|Any CPU.ActiveCfg = Release|Any CPU
		{B9E246C9-4C6E-412F-8222-881B5B9BFD18}.Release|Any CPU.Build.0 = Release|Any CPU
		{72A0B847-1725-47EE-BDF1-8D33D29A1965}.Debug|Any CPU.ActiveCfg = Debug|Any CPU
		{72A0B847-1725-47EE-BDF1-8D33D29A1965}.Debug|Any CPU.Build.0 = Debug|Any CPU
		{72A0B847-1725-47EE-BDF1-8D33D29A1965}.Release|Any CPU.ActiveCfg = Release|Any CPU
		{72A0B847-1725-47EE-BDF1-8D33D29A1965}.Release|Any CPU.Build.0 = Release|Any CPU
	EndGlobalSection
	GlobalSection(SolutionProperties) = preSolution
		HideSolutionNode = FALSE
	EndGlobalSection
	GlobalSection(ExtensibilityGlobals) = postSolution
		SolutionGuid = {DB84B256-4205-43C1-8383-9C1F9664E823}
	EndGlobalSection
EndGlobal
